
Microsoft Visual Studio Solution File, Format Version 12.00
# Visual Studio Version 17
VisualStudioVersion = 17.9.34728.123
MinimumVisualStudioVersion = 10.0.40219.1
Project("{FAE04EC0-301F-11D3-BF4B-00C04F79EFBC}") = "Catalog.API", "Catalog.API\Catalog.API.csproj", "{FAC9DD24-07BC-4D0B-8CC3-88607D98D023}"
EndProject
Global
	GlobalSection(SolutionConfigurationPlatforms) = preSolution
		Debug|Any CPU = Debug|Any CPU
		Release|Any CPU = Release|Any CPU
	EndGlobalSection
	GlobalSection(ProjectConfigurationPlatforms) = postSolution
		{FAC9DD24-07BC-4D0B-8CC3-88607D98D023}.Debug|Any CPU.ActiveCfg = Debug|Any CPU
		{FAC9DD24-07BC-4D0B-8CC3-88607D98D023}.Debug|Any CPU.Build.0 = Debug|Any CPU
		{FAC9DD24-07BC-4D0B-8CC3-88607D98D023}.Release|Any CPU.ActiveCfg = Release|Any CPU
		{FAC9DD24-07BC-4D0B-8CC3-88607D98D023}.Release|Any CPU.Build.0 = Release|Any CPU
	EndGlobalSection
	GlobalSection(SolutionProperties) = preSolution
		HideSolutionNode = FALSE
	EndGlobalSection
	GlobalSection(ExtensibilityGlobals) = postSolution
		SolutionGuid = {14EB37FF-5806-4483-8D87-D7F78FCD25A7}
	EndGlobalSection
EndGlobal
